
Microsoft Visual Studio Solution File, Format Version 12.00
# Visual Studio Version 16
VisualStudioVersion = 16.0.29418.71
MinimumVisualStudioVersion = 10.0.40219.1
Project("{9A19103F-16F7-4668-BE54-9A1E7A4F7556}") = "ImmudbDotNet.Tests", "Tests\ImmudbDotNet.Tests\ImmudbDotNet.Tests.csproj", "{B64DB764-58E3-4A96-BB64-B6FEEEDCCDA4}"
EndProject
Project("{9A19103F-16F7-4668-BE54-9A1E7A4F7556}") = "ImmudbDotNet", "ImmudbDotNet\ImmudbDotNet.csproj", "{7871F8AA-201F-4287-9115-2ACE594E57FB}"
EndProject
Project("{9A19103F-16F7-4668-BE54-9A1E7A4F7556}") = "ImmuDbClientDemoApp", "ImmuDbClientDemoApp\ImmuDbClientDemoApp.csproj", "{8B25B692-1BC1-4540-8FD5-CCFF0E26BD4D}"
EndProject
Project("{9A19103F-16F7-4668-BE54-9A1E7A4F7556}") = "ImmuDbDotnetLib", "ImmuDbDotnetLib\ImmuDbDotnetLib.csproj", "{D8BD7687-AACE-4EB5-8904-E1B9B807A9CF}"
EndProject
Global
	GlobalSection(SolutionConfigurationPlatforms) = preSolution
		Debug|Any CPU = Debug|Any CPU
		Release|Any CPU = Release|Any CPU
	EndGlobalSection
	GlobalSection(ProjectConfigurationPlatforms) = postSolution
		{B64DB764-58E3-4A96-BB64-B6FEEEDCCDA4}.Debug|Any CPU.ActiveCfg = Debug|Any CPU
		{B64DB764-58E3-4A96-BB64-B6FEEEDCCDA4}.Debug|Any CPU.Build.0 = Debug|Any CPU
		{B64DB764-58E3-4A96-BB64-B6FEEEDCCDA4}.Release|Any CPU.ActiveCfg = Release|Any CPU
		{B64DB764-58E3-4A96-BB64-B6FEEEDCCDA4}.Release|Any CPU.Build.0 = Release|Any CPU
		{7871F8AA-201F-4287-9115-2ACE594E57FB}.Debug|Any CPU.ActiveCfg = Debug|Any CPU
		{7871F8AA-201F-4287-9115-2ACE594E57FB}.Debug|Any CPU.Build.0 = Debug|Any CPU
		{7871F8AA-201F-4287-9115-2ACE594E57FB}.Release|Any CPU.ActiveCfg = Release|Any CPU
		{7871F8AA-201F-4287-9115-2ACE594E57FB}.Release|Any CPU.Build.0 = Release|Any CPU
		{8B25B692-1BC1-4540-8FD5-CCFF0E26BD4D}.Debug|Any CPU.ActiveCfg = Debug|Any CPU
		{8B25B692-1BC1-4540-8FD5-CCFF0E26BD4D}.Debug|Any CPU.Build.0 = Debug|Any CPU
		{8B25B692-1BC1-4540-8FD5-CCFF0E26BD4D}.Release|Any CPU.ActiveCfg = Release|Any CPU
		{8B25B692-1BC1-4540-8FD5-CCFF0E26BD4D}.Release|Any CPU.Build.0 = Release|Any CPU
		{D8BD7687-AACE-4EB5-8904-E1B9B807A9CF}.Debug|Any CPU.ActiveCfg = Debug|Any CPU
		{D8BD7687-AACE-4EB5-8904-E1B9B807A9CF}.Debug|Any CPU.Build.0 = Debug|Any CPU
		{D8BD7687-AACE-4EB5-8904-E1B9B807A9CF}.Release|Any CPU.ActiveCfg = Release|Any CPU
		{D8BD7687-AACE-4EB5-8904-E1B9B807A9CF}.Release|Any CPU.Build.0 = Release|Any CPU
	EndGlobalSection
	GlobalSection(SolutionProperties) = preSolution
		HideSolutionNode = FALSE
	EndGlobalSection
	GlobalSection(ExtensibilityGlobals) = postSolution
		SolutionGuid = {EE0B5AE9-2C69-4112-A3DB-181C57AAF373}
	EndGlobalSection
EndGlobal
